
Microsoft Visual Studio Solution File, Format Version 10.00
# Visual Basic Express 2008
Project("{F184B08F-C81C-45F6-A57F-5ABD9991F28F}") = "Validate", "Validate\Validate.vbproj", "{B92C243A-4058-44CF-BD00-C138EA36B57D}"
EndProject
Global
	GlobalSection(SolutionConfigurationPlatforms) = preSolution
		Debug|Any CPU = Debug|Any CPU
		Debug|x86 = Debug|x86
		new platform x86|Any CPU = new platform x86|Any CPU
		new platform x86|x86 = new platform x86|x86
		Release|Any CPU = Release|Any CPU
		Release|x86 = Release|x86
	EndGlobalSection
	GlobalSection(ProjectConfigurationPlatforms) = postSolution
		{B92C243A-4058-44CF-BD00-C138EA36B57D}.Debug|Any CPU.ActiveCfg = Debug|Any CPU
		{B92C243A-4058-44CF-BD00-C138EA36B57D}.Debug|Any CPU.Build.0 = Debug|Any CPU
		{B92C243A-4058-44CF-BD00-C138EA36B57D}.Debug|x86.ActiveCfg = Debug|x86
		{B92C243A-4058-44CF-BD00-C138EA36B57D}.Debug|x86.Build.0 = Debug|x86
		{B92C243A-4058-44CF-BD00-C138EA36B57D}.new platform x86|Any CPU.ActiveCfg = new platform x86|Any CPU
		{B92C243A-4058-44CF-BD00-C138EA36B57D}.new platform x86|Any CPU.Build.0 = new platform x86|Any CPU
		{B92C243A-4058-44CF-BD00-C138EA36B57D}.new platform x86|x86.ActiveCfg = Release|x86
		{B92C243A-4058-44CF-BD00-C138EA36B57D}.new platform x86|x86.Build.0 = Release|x86
		{B92C243A-4058-44CF-BD00-C138EA36B57D}.Release|Any CPU.ActiveCfg = Release|Any CPU
		{B92C243A-4058-44CF-BD00-C138EA36B57D}.Release|Any CPU.Build.0 = Release|Any CPU
		{B92C243A-4058-44CF-BD00-C138EA36B57D}.Release|x86.ActiveCfg = Release|x86
		{B92C243A-4058-44CF-BD00-C138EA36B57D}.Release|x86.Build.0 = Release|x86
	EndGlobalSection
	GlobalSection(SolutionProperties) = preSolution
		HideSolutionNode = FALSE
	EndGlobalSection
EndGlobal
